
Microsoft Visual Studio Solution File, Format Version 12.00
# Visual Studio 15
VisualStudioVersion = 15.0.26228.64
MinimumVisualStudioVersion = 10.0.40219.1
Project("{FAE04EC0-301F-11D3-BF4B-00C04F79EFBC}") = "Ramas 1", "Ramas 1\Ramas 1.csproj", "{983A985E-A26A-45BB-B42A-D70E483BE47A}"
EndProject
Global
	GlobalSection(SolutionConfigurationPlatforms) = preSolution
		Debug|Any CPU = Debug|Any CPU
		Release|Any CPU = Release|Any CPU
	EndGlobalSection
	GlobalSection(ProjectConfigurationPlatforms) = postSolution
		{983A985E-A26A-45BB-B42A-D70E483BE47A}.Debug|Any CPU.ActiveCfg = Debug|Any CPU
		{983A985E-A26A-45BB-B42A-D70E483BE47A}.Debug|Any CPU.Build.0 = Debug|Any CPU
		{983A985E-A26A-45BB-B42A-D70E483BE47A}.Release|Any CPU.ActiveCfg = Release|Any CPU
		{983A985E-A26A-45BB-B42A-D70E483BE47A}.Release|Any CPU.Build.0 = Release|Any CPU
	EndGlobalSection
	GlobalSection(SolutionProperties) = preSolution
		HideSolutionNode = FALSE
	EndGlobalSection
EndGlobal
